
Microsoft Visual Studio Solution File, Format Version 12.00
# Visual Studio Version 17
VisualStudioVersion = 17.5.33627.172
MinimumVisualStudioVersion = 10.0.40219.1
Project("{FAE04EC0-301F-11D3-BF4B-00C04F79EFBC}") = "Ejercicio sesion 2", "Ejercicio sesion 2.csproj", "{D53EF958-5393-4FC6-9B9C-152513DA9344}"
EndProject
Global
	GlobalSection(SolutionConfigurationPlatforms) = preSolution
		Debug|Any CPU = Debug|Any CPU
		Release|Any CPU = Release|Any CPU
	EndGlobalSection
	GlobalSection(ProjectConfigurationPlatforms) = postSolution
		{D53EF958-5393-4FC6-9B9C-152513DA9344}.Debug|Any CPU.ActiveCfg = Debug|Any CPU
		{D53EF958-5393-4FC6-9B9C-152513DA9344}.Debug|Any CPU.Build.0 = Debug|Any CPU
		{D53EF958-5393-4FC6-9B9C-152513DA9344}.Release|Any CPU.ActiveCfg = Release|Any CPU
		{D53EF958-5393-4FC6-9B9C-152513DA9344}.Release|Any CPU.Build.0 = Release|Any CPU
	EndGlobalSection
	GlobalSection(SolutionProperties) = preSolution
		HideSolutionNode = FALSE
	EndGlobalSection
	GlobalSection(ExtensibilityGlobals) = postSolution
		SolutionGuid = {9B3B2DF5-BBD1-47D3-902E-D95DA17F1638}
	EndGlobalSection
EndGlobal
